
Microsoft Visual Studio Solution File, Format Version 12.00
# Visual Studio Version 17
VisualStudioVersion = 17.1.32210.238
MinimumVisualStudioVersion = 10.0.40219.1
Project("{9A19103F-16F7-4668-BE54-9A1E7A4F7556}") = "Passwords.API", "PasswordsAPI\Passwords.API.csproj", "{6A14F8A8-829E-4179-B1B0-40A01D42BD4A}"
EndProject
Project("{8BC9CEB8-8B4A-11D0-8D11-00A0C91BC942}") = "Int24Types", "..\Int24Types\core5\Int24Type\Int24Type.vcxproj", "{80256676-D858-4BA1-8FCD-F49EDD2F1E51}"
EndProject
Project("{9A19103F-16F7-4668-BE54-9A1E7A4F7556}") = "test_int24_dotnet_dll", "..\Int24Types\core5\Int24Tests\test_int24_dotnet_dll.csproj", "{F938D049-B16E-46F2-B4A4-B7FBC1E123E5}"
EndProject
Project("{9A19103F-16F7-4668-BE54-9A1E7A4F7556}") = "PasswordsAPI.Abstracts.Tests", "PasswordsAPI.Tests\PasswordsAPI.Abstracts.Tests.csproj", "{636C4397-997A-4D16-88BB-DD1149D1AB3F}"
EndProject
Project("{9A19103F-16F7-4668-BE54-9A1E7A4F7556}") = "PasswordsAPI.Models", "PasswordsAPI.Models\PasswordsAPI.Models.csproj", "{D0CA3F33-7AA1-4B05-8BFB-C6C78FC0672F}"
EndProject
Project("{9A19103F-16F7-4668-BE54-9A1E7A4F7556}") = "PasswordsAPI.Abstracts", "PasswordsAPI.Classes\PasswordsAPI.Abstracts.csproj", "{489915BA-C5A0-47A4-9531-260CF98C5E70}"
EndProject
Project("{9A19103F-16F7-4668-BE54-9A1E7A4F7556}") = "PasswordsAPI.Services", "PasswordsAPI.Services\PasswordsAPI.Services.csproj", "{6FB9DE87-14E3-4338-A29A-98DCF9DBB57B}"
EndProject
Project("{8BC9CEB8-8B4A-11D0-8D11-00A0C91BC942}") = "YpsCrypt", "..\YpsCrypt\YpssCryptApi\YpsCryptApi.vcxproj", "{7AB2F01D-581A-4D7E-BC42-99B304A564E8}"
EndProject
Project("{9A19103F-16F7-4668-BE54-9A1E7A4F7556}") = "YpsCryps", "..\YpsCrypt\YpsCryps\YpsCryps.csproj", "{E9A271D0-A2F0-4F08-959C-F9DB755A37EA}"
EndProject
Project("{8BC9CEB8-8B4A-11D0-8D11-00A0C91BC942}") = "StdStreams", "..\Consola\ConsolaCore5\ConsolaCore5\ConsolaCore5.vcxproj", "{C5293268-18BD-4F1D-B97F-873EF5E7B2F7}"
EndProject
Project("{FAE04EC0-301F-11D3-BF4B-00C04F79EFBC}") = "PasswordsAPI.Models.Tests", "TestsModels\PasswordsAPI.Models.Tests.csproj", "{96F2462E-6C42-449D-A154-7FCB2EF1E1BF}"
EndProject
Project("{FAE04EC0-301F-11D3-BF4B-00C04F79EFBC}") = "PasswortsAPI.Services.Tests", "PasswortsAPI.Services.Tests\PasswortsAPI.Services.Tests.csproj", "{5386886F-E218-47A4-9FC7-DC9FD43ADA0A}"
EndProject
Project("{FAE04EC0-301F-11D3-BF4B-00C04F79EFBC}") = "Passwords.API.Tests", "PasswordsAPI.TesteDies\Passwords.API.Tests.csproj", "{05E9FFC1-455E-4188-927E-C697D797589F}"
EndProject
Global
	GlobalSection(SolutionConfigurationPlatforms) = preSolution
		Debug|Any CPU = Debug|Any CPU
		Debug|x64 = Debug|x64
		Debug|x86 = Debug|x86
		Release|Any CPU = Release|Any CPU
		Release|x64 = Release|x64
		Release|x86 = Release|x86
	EndGlobalSection
	GlobalSection(ProjectConfigurationPlatforms) = postSolution
		{6A14F8A8-829E-4179-B1B0-40A01D42BD4A}.Debug|Any CPU.ActiveCfg = Debug|Any CPU
		{6A14F8A8-829E-4179-B1B0-40A01D42BD4A}.Debug|Any CPU.Build.0 = Debug|Any CPU
		{6A14F8A8-829E-4179-B1B0-40A01D42BD4A}.Debug|x64.ActiveCfg = Debug|x64
		{6A14F8A8-829E-4179-B1B0-40A01D42BD4A}.Debug|x64.Build.0 = Debug|x64
		{6A14F8A8-829E-4179-B1B0-40A01D42BD4A}.Debug|x86.ActiveCfg = Debug|x86
		{6A14F8A8-829E-4179-B1B0-40A01D42BD4A}.Debug|x86.Build.0 = Debug|x86
		{6A14F8A8-829E-4179-B1B0-40A01D42BD4A}.Release|Any CPU.ActiveCfg = Release|Any CPU
		{6A14F8A8-829E-4179-B1B0-40A01D42BD4A}.Release|Any CPU.Build.0 = Release|Any CPU
		{6A14F8A8-829E-4179-B1B0-40A01D42BD4A}.Release|x64.ActiveCfg = Release|x64
		{6A14F8A8-829E-4179-B1B0-40A01D42BD4A}.Release|x64.Build.0 = Release|x64
		{6A14F8A8-829E-4179-B1B0-40A01D42BD4A}.Release|x86.ActiveCfg = Release|x86
		{6A14F8A8-829E-4179-B1B0-40A01D42BD4A}.Release|x86.Build.0 = Release|x86
		{80256676-D858-4BA1-8FCD-F49EDD2F1E51}.Debug|Any CPU.ActiveCfg = Debug|x64
		{80256676-D858-4BA1-8FCD-F49EDD2F1E51}.Debug|Any CPU.Build.0 = Debug|x64
		{80256676-D858-4BA1-8FCD-F49EDD2F1E51}.Debug|x64.ActiveCfg = Debug|x64
		{80256676-D858-4BA1-8FCD-F49EDD2F1E51}.Debug|x64.Build.0 = Debug|x64
		{80256676-D858-4BA1-8FCD-F49EDD2F1E51}.Debug|x86.ActiveCfg = Debug|Win32
		{80256676-D858-4BA1-8FCD-F49EDD2F1E51}.Debug|x86.Build.0 = Debug|Win32
		{80256676-D858-4BA1-8FCD-F49EDD2F1E51}.Release|Any CPU.ActiveCfg = Release|x64
		{80256676-D858-4BA1-8FCD-F49EDD2F1E51}.Release|Any CPU.Build.0 = Release|x64
		{80256676-D858-4BA1-8FCD-F49EDD2F1E51}.Release|x64.ActiveCfg = Release|x64
		{80256676-D858-4BA1-8FCD-F49EDD2F1E51}.Release|x64.Build.0 = Release|x64
		{80256676-D858-4BA1-8FCD-F49EDD2F1E51}.Release|x86.ActiveCfg = Release|Win32
		{80256676-D858-4BA1-8FCD-F49EDD2F1E51}.Release|x86.Build.0 = Release|Win32
		{F938D049-B16E-46F2-B4A4-B7FBC1E123E5}.Debug|Any CPU.ActiveCfg = Debug|x64
		{F938D049-B16E-46F2-B4A4-B7FBC1E123E5}.Debug|Any CPU.Build.0 = Debug|x64
		{F938D049-B16E-46F2-B4A4-B7FBC1E123E5}.Debug|x64.ActiveCfg = Debug|x64
		{F938D049-B16E-46F2-B4A4-B7FBC1E123E5}.Debug|x64.Build.0 = Debug|x64
		{F938D049-B16E-46F2-B4A4-B7FBC1E123E5}.Debug|x86.ActiveCfg = Debug|x86
		{F938D049-B16E-46F2-B4A4-B7FBC1E123E5}.Debug|x86.Build.0 = Debug|x86
		{F938D049-B16E-46F2-B4A4-B7FBC1E123E5}.Release|Any CPU.ActiveCfg = Release|x64
		{F938D049-B16E-46F2-B4A4-B7FBC1E123E5}.Release|Any CPU.Build.0 = Release|x64
		{F938D049-B16E-46F2-B4A4-B7FBC1E123E5}.Release|x64.ActiveCfg = Release|x64
		{F938D049-B16E-46F2-B4A4-B7FBC1E123E5}.Release|x64.Build.0 = Release|x64
		{F938D049-B16E-46F2-B4A4-B7FBC1E123E5}.Release|x86.ActiveCfg = Release|x86
		{F938D049-B16E-46F2-B4A4-B7FBC1E123E5}.Release|x86.Build.0 = Release|x86
		{636C4397-997A-4D16-88BB-DD1149D1AB3F}.Debug|Any CPU.ActiveCfg = Debug|Any CPU
		{636C4397-997A-4D16-88BB-DD1149D1AB3F}.Debug|Any CPU.Build.0 = Debug|Any CPU
		{636C4397-997A-4D16-88BB-DD1149D1AB3F}.Debug|x64.ActiveCfg = Debug|Any CPU
		{636C4397-997A-4D16-88BB-DD1149D1AB3F}.Debug|x64.Build.0 = Debug|Any CPU
		{636C4397-997A-4D16-88BB-DD1149D1AB3F}.Debug|x86.ActiveCfg = Debug|Any CPU
		{636C4397-997A-4D16-88BB-DD1149D1AB3F}.Debug|x86.Build.0 = Debug|Any CPU
		{636C4397-997A-4D16-88BB-DD1149D1AB3F}.Release|Any CPU.ActiveCfg = Release|Any CPU
		{636C4397-997A-4D16-88BB-DD1149D1AB3F}.Release|Any CPU.Build.0 = Release|Any CPU
		{636C4397-997A-4D16-88BB-DD1149D1AB3F}.Release|x64.ActiveCfg = Release|Any CPU
		{636C4397-997A-4D16-88BB-DD1149D1AB3F}.Release|x64.Build.0 = Release|Any CPU
		{636C4397-997A-4D16-88BB-DD1149D1AB3F}.Release|x86.ActiveCfg = Release|Any CPU
		{636C4397-997A-4D16-88BB-DD1149D1AB3F}.Release|x86.Build.0 = Release|Any CPU
		{D0CA3F33-7AA1-4B05-8BFB-C6C78FC0672F}.Debug|Any CPU.ActiveCfg = Debug|Any CPU
		{D0CA3F33-7AA1-4B05-8BFB-C6C78FC0672F}.Debug|Any CPU.Build.0 = Debug|Any CPU
		{D0CA3F33-7AA1-4B05-8BFB-C6C78FC0672F}.Debug|x64.ActiveCfg = Debug|Any CPU
		{D0CA3F33-7AA1-4B05-8BFB-C6C78FC0672F}.Debug|x64.Build.0 = Debug|Any CPU
		{D0CA3F33-7AA1-4B05-8BFB-C6C78FC0672F}.Debug|x86.ActiveCfg = Debug|Any CPU
		{D0CA3F33-7AA1-4B05-8BFB-C6C78FC0672F}.Debug|x86.Build.0 = Debug|Any CPU
		{D0CA3F33-7AA1-4B05-8BFB-C6C78FC0672F}.Release|Any CPU.ActiveCfg = Release|Any CPU
		{D0CA3F33-7AA1-4B05-8BFB-C6C78FC0672F}.Release|Any CPU.Build.0 = Release|Any CPU
		{D0CA3F33-7AA1-4B05-8BFB-C6C78FC0672F}.Release|x64.ActiveCfg = Release|Any CPU
		{D0CA3F33-7AA1-4B05-8BFB-C6C78FC0672F}.Release|x64.Build.0 = Release|Any CPU
		{D0CA3F33-7AA1-4B05-8BFB-C6C78FC0672F}.Release|x86.ActiveCfg = Release|Any CPU
		{D0CA3F33-7AA1-4B05-8BFB-C6C78FC0672F}.Release|x86.Build.0 = Release|Any CPU
		{489915BA-C5A0-47A4-9531-260CF98C5E70}.Debug|Any CPU.ActiveCfg = Debug|Any CPU
		{489915BA-C5A0-47A4-9531-260CF98C5E70}.Debug|Any CPU.Build.0 = Debug|Any CPU
		{489915BA-C5A0-47A4-9531-260CF98C5E70}.Debug|x64.ActiveCfg = Debug|Any CPU
		{489915BA-C5A0-47A4-9531-260CF98C5E70}.Debug|x64.Build.0 = Debug|Any CPU
		{489915BA-C5A0-47A4-9531-260CF98C5E70}.Debug|x86.ActiveCfg = Debug|Any CPU
		{489915BA-C5A0-47A4-9531-260CF98C5E70}.Debug|x86.Build.0 = Debug|Any CPU
		{489915BA-C5A0-47A4-9531-260CF98C5E70}.Release|Any CPU.ActiveCfg = Release|Any CPU
		{489915BA-C5A0-47A4-9531-260CF98C5E70}.Release|Any CPU.Build.0 = Release|Any CPU
		{489915BA-C5A0-47A4-9531-260CF98C5E70}.Release|x64.ActiveCfg = Release|Any CPU
		{489915BA-C5A0-47A4-9531-260CF98C5E70}.Release|x64.Build.0 = Release|Any CPU
		{489915BA-C5A0-47A4-9531-260CF98C5E70}.Release|x86.ActiveCfg = Release|Any CPU
		{489915BA-C5A0-47A4-9531-260CF98C5E70}.Release|x86.Build.0 = Release|Any CPU
		{6FB9DE87-14E3-4338-A29A-98DCF9DBB57B}.Debug|Any CPU.ActiveCfg = Debug|Any CPU
		{6FB9DE87-14E3-4338-A29A-98DCF9DBB57B}.Debug|Any CPU.Build.0 = Debug|Any CPU
		{6FB9DE87-14E3-4338-A29A-98DCF9DBB57B}.Debug|x64.ActiveCfg = Debug|Any CPU
		{6FB9DE87-14E3-4338-A29A-98DCF9DBB57B}.Debug|x64.Build.0 = Debug|Any CPU
		{6FB9DE87-14E3-4338-A29A-98DCF9DBB57B}.Debug|x86.ActiveCfg = Debug|Any CPU
		{6FB9DE87-14E3-4338-A29A-98DCF9DBB57B}.Debug|x86.Build.0 = Debug|Any CPU
		{6FB9DE87-14E3-4338-A29A-98DCF9DBB57B}.Release|Any CPU.ActiveCfg = Release|Any CPU
		{6FB9DE87-14E3-4338-A29A-98DCF9DBB57B}.Release|Any CPU.Build.0 = Release|Any CPU
		{6FB9DE87-14E3-4338-A29A-98DCF9DBB57B}.Release|x64.ActiveCfg = Release|Any CPU
		{6FB9DE87-14E3-4338-A29A-98DCF9DBB57B}.Release|x64.Build.0 = Release|Any CPU
		{6FB9DE87-14E3-4338-A29A-98DCF9DBB57B}.Release|x86.ActiveCfg = Release|Any CPU
		{6FB9DE87-14E3-4338-A29A-98DCF9DBB57B}.Release|x86.Build.0 = Release|Any CPU
		{7AB2F01D-581A-4D7E-BC42-99B304A564E8}.Debug|Any CPU.ActiveCfg = Debug|x64
		{7AB2F01D-581A-4D7E-BC42-99B304A564E8}.Debug|Any CPU.Build.0 = Debug|x64
		{7AB2F01D-581A-4D7E-BC42-99B304A564E8}.Debug|x64.ActiveCfg = Debug|x64
		{7AB2F01D-581A-4D7E-BC42-99B304A564E8}.Debug|x64.Build.0 = Debug|x64
		{7AB2F01D-581A-4D7E-BC42-99B304A564E8}.Debug|x86.ActiveCfg = Debug|Win32
		{7AB2F01D-581A-4D7E-BC42-99B304A564E8}.Debug|x86.Build.0 = Debug|Win32
		{7AB2F01D-581A-4D7E-BC42-99B304A564E8}.Release|Any CPU.ActiveCfg = Release|x64
		{7AB2F01D-581A-4D7E-BC42-99B304A564E8}.Release|Any CPU.Build.0 = Release|x64
		{7AB2F01D-581A-4D7E-BC42-99B304A564E8}.Release|x64.ActiveCfg = Release|x64
		{7AB2F01D-581A-4D7E-BC42-99B304A564E8}.Release|x64.Build.0 = Release|x64
		{7AB2F01D-581A-4D7E-BC42-99B304A564E8}.Release|x86.ActiveCfg = Release|Win32
		{7AB2F01D-581A-4D7E-BC42-99B304A564E8}.Release|x86.Build.0 = Release|Win32
		{E9A271D0-A2F0-4F08-959C-F9DB755A37EA}.Debug|Any CPU.ActiveCfg = Debug|Any CPU
		{E9A271D0-A2F0-4F08-959C-F9DB755A37EA}.Debug|Any CPU.Build.0 = Debug|Any CPU
		{E9A271D0-A2F0-4F08-959C-F9DB755A37EA}.Debug|x64.ActiveCfg = Debug|x64
		{E9A271D0-A2F0-4F08-959C-F9DB755A37EA}.Debug|x64.Build.0 = Debug|x64
		{E9A271D0-A2F0-4F08-959C-F9DB755A37EA}.Debug|x86.ActiveCfg = Debug|x86
		{E9A271D0-A2F0-4F08-959C-F9DB755A37EA}.Debug|x86.Build.0 = Debug|x86
		{E9A271D0-A2F0-4F08-959C-F9DB755A37EA}.Release|Any CPU.ActiveCfg = Release|Any CPU
		{E9A271D0-A2F0-4F08-959C-F9DB755A37EA}.Release|Any CPU.Build.0 = Release|Any CPU
		{E9A271D0-A2F0-4F08-959C-F9DB755A37EA}.Release|x64.ActiveCfg = Release|x64
		{E9A271D0-A2F0-4F08-959C-F9DB755A37EA}.Release|x64.Build.0 = Release|x64
		{E9A271D0-A2F0-4F08-959C-F9DB755A37EA}.Release|x86.ActiveCfg = Release|x86
		{E9A271D0-A2F0-4F08-959C-F9DB755A37EA}.Release|x86.Build.0 = Release|x86
		{C5293268-18BD-4F1D-B97F-873EF5E7B2F7}.Debug|Any CPU.ActiveCfg = Debug|x64
		{C5293268-18BD-4F1D-B97F-873EF5E7B2F7}.Debug|Any CPU.Build.0 = Debug|x64
		{C5293268-18BD-4F1D-B97F-873EF5E7B2F7}.Debug|x64.ActiveCfg = Debug|x64
		{C5293268-18BD-4F1D-B97F-873EF5E7B2F7}.Debug|x64.Build.0 = Debug|x64
		{C5293268-18BD-4F1D-B97F-873EF5E7B2F7}.Debug|x86.ActiveCfg = Debug|Win32
		{C5293268-18BD-4F1D-B97F-873EF5E7B2F7}.Debug|x86.Build.0 = Debug|Win32
		{C5293268-18BD-4F1D-B97F-873EF5E7B2F7}.Release|Any CPU.ActiveCfg = Release|x64
		{C5293268-18BD-4F1D-B97F-873EF5E7B2F7}.Release|Any CPU.Build.0 = Release|x64
		{C5293268-18BD-4F1D-B97F-873EF5E7B2F7}.Release|x64.ActiveCfg = Release|x64
		{C5293268-18BD-4F1D-B97F-873EF5E7B2F7}.Release|x64.Build.0 = Release|x64
		{C5293268-18BD-4F1D-B97F-873EF5E7B2F7}.Release|x86.ActiveCfg = Release|Win32
		{C5293268-18BD-4F1D-B97F-873EF5E7B2F7}.Release|x86.Build.0 = Release|Win32
		{96F2462E-6C42-449D-A154-7FCB2EF1E1BF}.Debug|Any CPU.ActiveCfg = Debug|Any CPU
		{96F2462E-6C42-449D-A154-7FCB2EF1E1BF}.Debug|Any CPU.Build.0 = Debug|Any CPU
		{96F2462E-6C42-449D-A154-7FCB2EF1E1BF}.Debug|x64.ActiveCfg = Debug|Any CPU
		{96F2462E-6C42-449D-A154-7FCB2EF1E1BF}.Debug|x64.Build.0 = Debug|Any CPU
		{96F2462E-6C42-449D-A154-7FCB2EF1E1BF}.Debug|x86.ActiveCfg = Debug|Any CPU
		{96F2462E-6C42-449D-A154-7FCB2EF1E1BF}.Debug|x86.Build.0 = Debug|Any CPU
		{96F2462E-6C42-449D-A154-7FCB2EF1E1BF}.Release|Any CPU.ActiveCfg = Release|Any CPU
		{96F2462E-6C42-449D-A154-7FCB2EF1E1BF}.Release|Any CPU.Build.0 = Release|Any CPU
		{96F2462E-6C42-449D-A154-7FCB2EF1E1BF}.Release|x64.ActiveCfg = Release|Any CPU
		{96F2462E-6C42-449D-A154-7FCB2EF1E1BF}.Release|x64.Build.0 = Release|Any CPU
		{96F2462E-6C42-449D-A154-7FCB2EF1E1BF}.Release|x86.ActiveCfg = Release|Any CPU
		{96F2462E-6C42-449D-A154-7FCB2EF1E1BF}.Release|x86.Build.0 = Release|Any CPU
		{5386886F-E218-47A4-9FC7-DC9FD43ADA0A}.Debug|Any CPU.ActiveCfg = Debug|Any CPU
		{5386886F-E218-47A4-9FC7-DC9FD43ADA0A}.Debug|Any CPU.Build.0 = Debug|Any CPU
		{5386886F-E218-47A4-9FC7-DC9FD43ADA0A}.Debug|x64.ActiveCfg = Debug|Any CPU
		{5386886F-E218-47A4-9FC7-DC9FD43ADA0A}.Debug|x64.Build.0 = Debug|Any CPU
		{5386886F-E218-47A4-9FC7-DC9FD43ADA0A}.Debug|x86.ActiveCfg = Debug|Any CPU
		{5386886F-E218-47A4-9FC7-DC9FD43ADA0A}.Debug|x86.Build.0 = Debug|Any CPU
		{5386886F-E218-47A4-9FC7-DC9FD43ADA0A}.Release|Any CPU.ActiveCfg = Release|Any CPU
		{5386886F-E218-47A4-9FC7-DC9FD43ADA0A}.Release|Any CPU.Build.0 = Release|Any CPU
		{5386886F-E218-47A4-9FC7-DC9FD43ADA0A}.Release|x64.ActiveCfg = Release|Any CPU
		{5386886F-E218-47A4-9FC7-DC9FD43ADA0A}.Release|x64.Build.0 = Release|Any CPU
		{5386886F-E218-47A4-9FC7-DC9FD43ADA0A}.Release|x86.ActiveCfg = Release|Any CPU
		{5386886F-E218-47A4-9FC7-DC9FD43ADA0A}.Release|x86.Build.0 = Release|Any CPU
		{05E9FFC1-455E-4188-927E-C697D797589F}.Debug|Any CPU.ActiveCfg = Debug|Any CPU
		{05E9FFC1-455E-4188-927E-C697D797589F}.Debug|Any CPU.Build.0 = Debug|Any CPU
		{05E9FFC1-455E-4188-927E-C697D797589F}.Debug|x64.ActiveCfg = Debug|Any CPU
		{05E9FFC1-455E-4188-927E-C697D797589F}.Debug|x64.Build.0 = Debug|Any CPU
		{05E9FFC1-455E-4188-927E-C697D797589F}.Debug|x86.ActiveCfg = Debug|Any CPU
		{05E9FFC1-455E-4188-927E-C697D797589F}.Debug|x86.Build.0 = Debug|Any CPU
		{05E9FFC1-455E-4188-927E-C697D797589F}.Release|Any CPU.ActiveCfg = Release|Any CPU
		{05E9FFC1-455E-4188-927E-C697D797589F}.Release|Any CPU.Build.0 = Release|Any CPU
		{05E9FFC1-455E-4188-927E-C697D797589F}.Release|x64.ActiveCfg = Release|Any CPU
		{05E9FFC1-455E-4188-927E-C697D797589F}.Release|x64.Build.0 = Release|Any CPU
		{05E9FFC1-455E-4188-927E-C697D797589F}.Release|x86.ActiveCfg = Release|Any CPU
		{05E9FFC1-455E-4188-927E-C697D797589F}.Release|x86.Build.0 = Release|Any CPU
	EndGlobalSection
	GlobalSection(SolutionProperties) = preSolution
		HideSolutionNode = FALSE
	EndGlobalSection
	GlobalSection(ExtensibilityGlobals) = postSolution
		SolutionGuid = {EB312847-1E45-4897-808E-BBDD41A448C2}
	EndGlobalSection
EndGlobal
