
Microsoft Visual Studio Solution File, Format Version 12.00
# Visual Studio Version 17
VisualStudioVersion = 17.1.32210.238
MinimumVisualStudioVersion = 10.0.40219.1
Project("{9A19103F-16F7-4668-BE54-9A1E7A4F7556}") = "Passwords.API", "PasswordsAPI\Passwords.API.csproj", "{6A14F8A8-829E-4179-B1B0-40A01D42BD4A}"
EndProject
Project("{9A19103F-16F7-4668-BE54-9A1E7A4F7556}") = "Passwords.API.Abstracts.Tests", "PasswordsAPI.Abstracts.Tests\Passwords.API.Abstracts.Tests.csproj", "{636C4397-997A-4D16-88BB-DD1149D1AB3F}"
EndProject
Project("{9A19103F-16F7-4668-BE54-9A1E7A4F7556}") = "Passwords.API.Models", "PasswordsAPI.Models\Passwords.API.Models.csproj", "{D0CA3F33-7AA1-4B05-8BFB-C6C78FC0672F}"
EndProject
Project("{9A19103F-16F7-4668-BE54-9A1E7A4F7556}") = "Passwords.API.Services", "PasswordsAPI.Services\Passwords.API.Services.csproj", "{6FB9DE87-14E3-4338-A29A-98DCF9DBB57B}"
EndProject
Project("{9A19103F-16F7-4668-BE54-9A1E7A4F7556}") = "Passwords.API.Models.Tests", "PasswordsAPI.Models.Tests\Passwords.API.Models.Tests.csproj", "{96F2462E-6C42-449D-A154-7FCB2EF1E1BF}"
EndProject
Project("{9A19103F-16F7-4668-BE54-9A1E7A4F7556}") = "Passwords.API.Services.Tests", "PasswortsAPI.Services.Tests\Passwords.API.Services.Tests.csproj", "{5386886F-E218-47A4-9FC7-DC9FD43ADA0A}"
EndProject
Project("{9A19103F-16F7-4668-BE54-9A1E7A4F7556}") = "Passwords.API.Tests", "PasswordsAPI.Tests\Passwords.API.Tests.csproj", "{05E9FFC1-455E-4188-927E-C697D797589F}"
EndProject
Project("{9A19103F-16F7-4668-BE54-9A1E7A4F7556}") = "Passwords.API.Abstracts", "PasswordsAPI.Abstracts\Passwords.API.Abstracts.csproj", "{DA28F1EA-C7C8-4D0C-B01B-8E550C6AE36C}"
EndProject
Project("{9A19103F-16F7-4668-BE54-9A1E7A4F7556}") = "Passwords.GUI", "PaswordsGUI\Passwords.GUI.csproj", "{79ABE523-A61C-470D-BCF1-C6E581AD8F25}"
EndProject
Project("{2150E333-8FDC-42A3-9474-1A3956D46DE8}") = "Solution Items", "Solution Items", "{7EB42678-7F5A-4C99-BCBC-54920DB794B2}"
	ProjectSection(SolutionItems) = preProject
		.editorconfig = .editorconfig
	EndProjectSection
EndProject
Project("{9A19103F-16F7-4668-BE54-9A1E7A4F7556}") = "Passwords.ICO", "Passwords.ICO\Passwords.ICO.csproj", "{47F4ABA1-4621-4723-BA8C-80B0527330B8}"
EndProject
Project("{9A19103F-16F7-4668-BE54-9A1E7A4F7556}") = "Consola.Tests", "..\Consola\ConsolaCore5\ConsolaCore5Tests\Consola.Tests.csproj", "{A3215B92-7EC9-4515-B85A-6B015518E3FE}"
EndProject
Global
	GlobalSection(SolutionConfigurationPlatforms) = preSolution
		Debug|Any CPU = Debug|Any CPU
		Debug|x64 = Debug|x64
		Debug|x86 = Debug|x86
		Release|Any CPU = Release|Any CPU
		Release|x64 = Release|x64
		Release|x86 = Release|x86
	EndGlobalSection
	GlobalSection(ProjectConfigurationPlatforms) = postSolution
		{6A14F8A8-829E-4179-B1B0-40A01D42BD4A}.Debug|Any CPU.ActiveCfg = Debug|Any CPU
		{6A14F8A8-829E-4179-B1B0-40A01D42BD4A}.Debug|Any CPU.Build.0 = Debug|Any CPU
		{6A14F8A8-829E-4179-B1B0-40A01D42BD4A}.Debug|x64.ActiveCfg = Debug|x64
		{6A14F8A8-829E-4179-B1B0-40A01D42BD4A}.Debug|x64.Build.0 = Debug|x64
		{6A14F8A8-829E-4179-B1B0-40A01D42BD4A}.Debug|x86.ActiveCfg = Debug|x86
		{6A14F8A8-829E-4179-B1B0-40A01D42BD4A}.Debug|x86.Build.0 = Debug|x86
		{6A14F8A8-829E-4179-B1B0-40A01D42BD4A}.Release|Any CPU.ActiveCfg = Release|Any CPU
		{6A14F8A8-829E-4179-B1B0-40A01D42BD4A}.Release|Any CPU.Build.0 = Release|Any CPU
		{6A14F8A8-829E-4179-B1B0-40A01D42BD4A}.Release|x64.ActiveCfg = Release|x64
		{6A14F8A8-829E-4179-B1B0-40A01D42BD4A}.Release|x64.Build.0 = Release|x64
		{6A14F8A8-829E-4179-B1B0-40A01D42BD4A}.Release|x86.ActiveCfg = Release|x86
		{6A14F8A8-829E-4179-B1B0-40A01D42BD4A}.Release|x86.Build.0 = Release|x86
		{636C4397-997A-4D16-88BB-DD1149D1AB3F}.Debug|Any CPU.ActiveCfg = Debug|Any CPU
		{636C4397-997A-4D16-88BB-DD1149D1AB3F}.Debug|Any CPU.Build.0 = Debug|Any CPU
		{636C4397-997A-4D16-88BB-DD1149D1AB3F}.Debug|x64.ActiveCfg = Debug|x64
		{636C4397-997A-4D16-88BB-DD1149D1AB3F}.Debug|x64.Build.0 = Debug|x64
		{636C4397-997A-4D16-88BB-DD1149D1AB3F}.Debug|x86.ActiveCfg = Debug|x86
		{636C4397-997A-4D16-88BB-DD1149D1AB3F}.Debug|x86.Build.0 = Debug|x86
		{636C4397-997A-4D16-88BB-DD1149D1AB3F}.Release|Any CPU.ActiveCfg = Release|Any CPU
		{636C4397-997A-4D16-88BB-DD1149D1AB3F}.Release|Any CPU.Build.0 = Release|Any CPU
		{636C4397-997A-4D16-88BB-DD1149D1AB3F}.Release|x64.ActiveCfg = Release|x64
		{636C4397-997A-4D16-88BB-DD1149D1AB3F}.Release|x64.Build.0 = Release|x64
		{636C4397-997A-4D16-88BB-DD1149D1AB3F}.Release|x86.ActiveCfg = Release|Any CPU
		{636C4397-997A-4D16-88BB-DD1149D1AB3F}.Release|x86.Build.0 = Release|Any CPU
		{D0CA3F33-7AA1-4B05-8BFB-C6C78FC0672F}.Debug|Any CPU.ActiveCfg = Debug|Any CPU
		{D0CA3F33-7AA1-4B05-8BFB-C6C78FC0672F}.Debug|Any CPU.Build.0 = Debug|Any CPU
		{D0CA3F33-7AA1-4B05-8BFB-C6C78FC0672F}.Debug|x64.ActiveCfg = Debug|x64
		{D0CA3F33-7AA1-4B05-8BFB-C6C78FC0672F}.Debug|x64.Build.0 = Debug|x64
		{D0CA3F33-7AA1-4B05-8BFB-C6C78FC0672F}.Debug|x86.ActiveCfg = Debug|x86
		{D0CA3F33-7AA1-4B05-8BFB-C6C78FC0672F}.Debug|x86.Build.0 = Debug|x86
		{D0CA3F33-7AA1-4B05-8BFB-C6C78FC0672F}.Release|Any CPU.ActiveCfg = Release|Any CPU
		{D0CA3F33-7AA1-4B05-8BFB-C6C78FC0672F}.Release|Any CPU.Build.0 = Release|Any CPU
		{D0CA3F33-7AA1-4B05-8BFB-C6C78FC0672F}.Release|x64.ActiveCfg = Release|x64
		{D0CA3F33-7AA1-4B05-8BFB-C6C78FC0672F}.Release|x64.Build.0 = Release|x64
		{D0CA3F33-7AA1-4B05-8BFB-C6C78FC0672F}.Release|x86.ActiveCfg = Release|Any CPU
		{D0CA3F33-7AA1-4B05-8BFB-C6C78FC0672F}.Release|x86.Build.0 = Release|Any CPU
		{6FB9DE87-14E3-4338-A29A-98DCF9DBB57B}.Debug|Any CPU.ActiveCfg = Debug|Any CPU
		{6FB9DE87-14E3-4338-A29A-98DCF9DBB57B}.Debug|Any CPU.Build.0 = Debug|Any CPU
		{6FB9DE87-14E3-4338-A29A-98DCF9DBB57B}.Debug|x64.ActiveCfg = Debug|x64
		{6FB9DE87-14E3-4338-A29A-98DCF9DBB57B}.Debug|x64.Build.0 = Debug|x64
		{6FB9DE87-14E3-4338-A29A-98DCF9DBB57B}.Debug|x86.ActiveCfg = Debug|x86
		{6FB9DE87-14E3-4338-A29A-98DCF9DBB57B}.Debug|x86.Build.0 = Debug|x86
		{6FB9DE87-14E3-4338-A29A-98DCF9DBB57B}.Release|Any CPU.ActiveCfg = Release|Any CPU
		{6FB9DE87-14E3-4338-A29A-98DCF9DBB57B}.Release|Any CPU.Build.0 = Release|Any CPU
		{6FB9DE87-14E3-4338-A29A-98DCF9DBB57B}.Release|x64.ActiveCfg = Release|x64
		{6FB9DE87-14E3-4338-A29A-98DCF9DBB57B}.Release|x64.Build.0 = Release|x64
		{6FB9DE87-14E3-4338-A29A-98DCF9DBB57B}.Release|x86.ActiveCfg = Release|Any CPU
		{6FB9DE87-14E3-4338-A29A-98DCF9DBB57B}.Release|x86.Build.0 = Release|Any CPU
		{96F2462E-6C42-449D-A154-7FCB2EF1E1BF}.Debug|Any CPU.ActiveCfg = Debug|Any CPU
		{96F2462E-6C42-449D-A154-7FCB2EF1E1BF}.Debug|Any CPU.Build.0 = Debug|Any CPU
		{96F2462E-6C42-449D-A154-7FCB2EF1E1BF}.Debug|x64.ActiveCfg = Debug|x64
		{96F2462E-6C42-449D-A154-7FCB2EF1E1BF}.Debug|x64.Build.0 = Debug|x64
		{96F2462E-6C42-449D-A154-7FCB2EF1E1BF}.Debug|x86.ActiveCfg = Debug|x86
		{96F2462E-6C42-449D-A154-7FCB2EF1E1BF}.Debug|x86.Build.0 = Debug|x86
		{96F2462E-6C42-449D-A154-7FCB2EF1E1BF}.Release|Any CPU.ActiveCfg = Release|Any CPU
		{96F2462E-6C42-449D-A154-7FCB2EF1E1BF}.Release|Any CPU.Build.0 = Release|Any CPU
		{96F2462E-6C42-449D-A154-7FCB2EF1E1BF}.Release|x64.ActiveCfg = Release|x64
		{96F2462E-6C42-449D-A154-7FCB2EF1E1BF}.Release|x64.Build.0 = Release|x64
		{96F2462E-6C42-449D-A154-7FCB2EF1E1BF}.Release|x86.ActiveCfg = Release|Any CPU
		{96F2462E-6C42-449D-A154-7FCB2EF1E1BF}.Release|x86.Build.0 = Release|Any CPU
		{5386886F-E218-47A4-9FC7-DC9FD43ADA0A}.Debug|Any CPU.ActiveCfg = Debug|Any CPU
		{5386886F-E218-47A4-9FC7-DC9FD43ADA0A}.Debug|Any CPU.Build.0 = Debug|Any CPU
		{5386886F-E218-47A4-9FC7-DC9FD43ADA0A}.Debug|x64.ActiveCfg = Debug|x64
		{5386886F-E218-47A4-9FC7-DC9FD43ADA0A}.Debug|x64.Build.0 = Debug|x64
		{5386886F-E218-47A4-9FC7-DC9FD43ADA0A}.Debug|x86.ActiveCfg = Debug|x86
		{5386886F-E218-47A4-9FC7-DC9FD43ADA0A}.Release|Any CPU.ActiveCfg = Release|Any CPU
		{5386886F-E218-47A4-9FC7-DC9FD43ADA0A}.Release|Any CPU.Build.0 = Release|Any CPU
		{5386886F-E218-47A4-9FC7-DC9FD43ADA0A}.Release|x64.ActiveCfg = Release|x64
		{5386886F-E218-47A4-9FC7-DC9FD43ADA0A}.Release|x64.Build.0 = Release|x64
		{5386886F-E218-47A4-9FC7-DC9FD43ADA0A}.Release|x86.ActiveCfg = Release|Any CPU
		{5386886F-E218-47A4-9FC7-DC9FD43ADA0A}.Release|x86.Build.0 = Release|Any CPU
		{05E9FFC1-455E-4188-927E-C697D797589F}.Debug|Any CPU.ActiveCfg = Debug|Any CPU
		{05E9FFC1-455E-4188-927E-C697D797589F}.Debug|Any CPU.Build.0 = Debug|Any CPU
		{05E9FFC1-455E-4188-927E-C697D797589F}.Debug|x64.ActiveCfg = Debug|x64
		{05E9FFC1-455E-4188-927E-C697D797589F}.Debug|x64.Build.0 = Debug|x64
		{05E9FFC1-455E-4188-927E-C697D797589F}.Debug|x86.ActiveCfg = Debug|x86
		{05E9FFC1-455E-4188-927E-C697D797589F}.Debug|x86.Build.0 = Debug|x86
		{05E9FFC1-455E-4188-927E-C697D797589F}.Release|Any CPU.ActiveCfg = Release|Any CPU
		{05E9FFC1-455E-4188-927E-C697D797589F}.Release|Any CPU.Build.0 = Release|Any CPU
		{05E9FFC1-455E-4188-927E-C697D797589F}.Release|x64.ActiveCfg = Release|x64
		{05E9FFC1-455E-4188-927E-C697D797589F}.Release|x64.Build.0 = Release|x64
		{05E9FFC1-455E-4188-927E-C697D797589F}.Release|x86.ActiveCfg = Release|Any CPU
		{05E9FFC1-455E-4188-927E-C697D797589F}.Release|x86.Build.0 = Release|Any CPU
		{DA28F1EA-C7C8-4D0C-B01B-8E550C6AE36C}.Debug|Any CPU.ActiveCfg = Debug|Any CPU
		{DA28F1EA-C7C8-4D0C-B01B-8E550C6AE36C}.Debug|Any CPU.Build.0 = Debug|Any CPU
		{DA28F1EA-C7C8-4D0C-B01B-8E550C6AE36C}.Debug|x64.ActiveCfg = Debug|x64
		{DA28F1EA-C7C8-4D0C-B01B-8E550C6AE36C}.Debug|x64.Build.0 = Debug|x64
		{DA28F1EA-C7C8-4D0C-B01B-8E550C6AE36C}.Debug|x86.ActiveCfg = Debug|x86
		{DA28F1EA-C7C8-4D0C-B01B-8E550C6AE36C}.Debug|x86.Build.0 = Debug|x86
		{DA28F1EA-C7C8-4D0C-B01B-8E550C6AE36C}.Release|Any CPU.ActiveCfg = Release|Any CPU
		{DA28F1EA-C7C8-4D0C-B01B-8E550C6AE36C}.Release|Any CPU.Build.0 = Release|Any CPU
		{DA28F1EA-C7C8-4D0C-B01B-8E550C6AE36C}.Release|x64.ActiveCfg = Release|x64
		{DA28F1EA-C7C8-4D0C-B01B-8E550C6AE36C}.Release|x64.Build.0 = Release|x64
		{DA28F1EA-C7C8-4D0C-B01B-8E550C6AE36C}.Release|x86.ActiveCfg = Release|Any CPU
		{DA28F1EA-C7C8-4D0C-B01B-8E550C6AE36C}.Release|x86.Build.0 = Release|Any CPU
		{79ABE523-A61C-470D-BCF1-C6E581AD8F25}.Debug|Any CPU.ActiveCfg = Debug|Any CPU
		{79ABE523-A61C-470D-BCF1-C6E581AD8F25}.Debug|Any CPU.Build.0 = Debug|Any CPU
		{79ABE523-A61C-470D-BCF1-C6E581AD8F25}.Debug|x64.ActiveCfg = Debug|x64
		{79ABE523-A61C-470D-BCF1-C6E581AD8F25}.Debug|x64.Build.0 = Debug|x64
		{79ABE523-A61C-470D-BCF1-C6E581AD8F25}.Debug|x86.ActiveCfg = Debug|x86
		{79ABE523-A61C-470D-BCF1-C6E581AD8F25}.Debug|x86.Build.0 = Debug|x86
		{79ABE523-A61C-470D-BCF1-C6E581AD8F25}.Release|Any CPU.ActiveCfg = Release|Any CPU
		{79ABE523-A61C-470D-BCF1-C6E581AD8F25}.Release|Any CPU.Build.0 = Release|Any CPU
		{79ABE523-A61C-470D-BCF1-C6E581AD8F25}.Release|x64.ActiveCfg = Release|x64
		{79ABE523-A61C-470D-BCF1-C6E581AD8F25}.Release|x64.Build.0 = Release|x64
		{79ABE523-A61C-470D-BCF1-C6E581AD8F25}.Release|x86.ActiveCfg = Release|Any CPU
		{79ABE523-A61C-470D-BCF1-C6E581AD8F25}.Release|x86.Build.0 = Release|Any CPU
		{47F4ABA1-4621-4723-BA8C-80B0527330B8}.Debug|Any CPU.ActiveCfg = Debug|Any CPU
		{47F4ABA1-4621-4723-BA8C-80B0527330B8}.Debug|Any CPU.Build.0 = Debug|Any CPU
		{47F4ABA1-4621-4723-BA8C-80B0527330B8}.Debug|x64.ActiveCfg = Debug|x64
		{47F4ABA1-4621-4723-BA8C-80B0527330B8}.Debug|x64.Build.0 = Debug|x64
		{47F4ABA1-4621-4723-BA8C-80B0527330B8}.Debug|x86.ActiveCfg = Debug|x86
		{47F4ABA1-4621-4723-BA8C-80B0527330B8}.Debug|x86.Build.0 = Debug|x86
		{47F4ABA1-4621-4723-BA8C-80B0527330B8}.Release|Any CPU.ActiveCfg = Release|Any CPU
		{47F4ABA1-4621-4723-BA8C-80B0527330B8}.Release|Any CPU.Build.0 = Release|Any CPU
		{47F4ABA1-4621-4723-BA8C-80B0527330B8}.Release|x64.ActiveCfg = Release|Any CPU
		{47F4ABA1-4621-4723-BA8C-80B0527330B8}.Release|x64.Build.0 = Release|Any CPU
		{47F4ABA1-4621-4723-BA8C-80B0527330B8}.Release|x86.ActiveCfg = Release|Any CPU
		{47F4ABA1-4621-4723-BA8C-80B0527330B8}.Release|x86.Build.0 = Release|Any CPU
	EndGlobalSection
	GlobalSection(SolutionProperties) = preSolution
		HideSolutionNode = FALSE
	EndGlobalSection
	GlobalSection(ExtensibilityGlobals) = postSolution
		SolutionGuid = {EB312847-1E45-4897-808E-BBDD41A448C2}
	EndGlobalSection
EndGlobal
